
Microsoft Visual Studio Solution File, Format Version 12.00
# Visual Studio Version 16
VisualStudioVersion = 16.0.32510.428
MinimumVisualStudioVersion = 10.0.40219.1
Project("{FAE04EC0-301F-11D3-BF4B-00C04F79EFBC}") = "MileStone", "MileStone.csproj", "{97DC379C-6B10-4526-A985-094458CB906F}"
EndProject
Global
	GlobalSection(SolutionConfigurationPlatforms) = preSolution
		Debug|Any CPU = Debug|Any CPU
		Release|Any CPU = Release|Any CPU
	EndGlobalSection
	GlobalSection(ProjectConfigurationPlatforms) = postSolution
		{97DC379C-6B10-4526-A985-094458CB906F}.Debug|Any CPU.ActiveCfg = Debug|Any CPU
		{97DC379C-6B10-4526-A985-094458CB906F}.Debug|Any CPU.Build.0 = Debug|Any CPU
		{97DC379C-6B10-4526-A985-094458CB906F}.Release|Any CPU.ActiveCfg = Release|Any CPU
		{97DC379C-6B10-4526-A985-094458CB906F}.Release|Any CPU.Build.0 = Release|Any CPU
	EndGlobalSection
	GlobalSection(SolutionProperties) = preSolution
		HideSolutionNode = FALSE
	EndGlobalSection
	GlobalSection(ExtensibilityGlobals) = postSolution
		SolutionGuid = {A1C0FD58-180B-480A-9850-38030607CA01}
	EndGlobalSection
EndGlobal
